
Microsoft Visual Studio Solution File, Format Version 12.00
# Visual Studio 15
Project("{FAE04EC0-301F-11D3-BF4B-00C04F79EFBC}") = "Assembly-CSharp-Editor", "Assembly-CSharp-Editor.csproj", "{65EC9E08-B7B2-B330-3176-955F99E2EAFF}"
EndProject
Project("{FAE04EC0-301F-11D3-BF4B-00C04F79EFBC}") = "Assembly-CSharp", "Assembly-CSharp.csproj", "{3FC80C6B-7881-74A3-E3BC-717C4C0AED8C}"
EndProject
Global
	GlobalSection(SolutionConfigurationPlatforms) = preSolution
		Debug|Any CPU = Debug|Any CPU
		Release|Any CPU = Release|Any CPU
	EndGlobalSection
	GlobalSection(ProjectConfigurationPlatforms) = postSolution
		{65EC9E08-B7B2-B330-3176-955F99E2EAFF}.Debug|Any CPU.ActiveCfg = Debug|Any CPU
		{65EC9E08-B7B2-B330-3176-955F99E2EAFF}.Debug|Any CPU.Build.0 = Debug|Any CPU
		{65EC9E08-B7B2-B330-3176-955F99E2EAFF}.Release|Any CPU.ActiveCfg = Release|Any CPU
		{65EC9E08-B7B2-B330-3176-955F99E2EAFF}.Release|Any CPU.Build.0 = Release|Any CPU
		{3FC80C6B-7881-74A3-E3BC-717C4C0AED8C}.Debug|Any CPU.ActiveCfg = Debug|Any CPU
		{3FC80C6B-7881-74A3-E3BC-717C4C0AED8C}.Debug|Any CPU.Build.0 = Debug|Any CPU
		{3FC80C6B-7881-74A3-E3BC-717C4C0AED8C}.Release|Any CPU.ActiveCfg = Release|Any CPU
		{3FC80C6B-7881-74A3-E3BC-717C4C0AED8C}.Release|Any CPU.Build.0 = Release|Any CPU
	EndGlobalSection
	GlobalSection(SolutionProperties) = preSolution
		HideSolutionNode = FALSE
	EndGlobalSection
EndGlobal
